PODS:
  - Alamofire (5.4.3)
  - Differentiator (4.0.1)
  - R.swift (5.2.2):
    - R.swift.Library (~> 5.2.0)
  - R.swift.Library (5.2.0)
  - ReactorKit (2.1.0):
    - RxSwift (~> 5.0)
    - WeakMapTable (~> 1.1)
  - RIBs (0.9.3):
    - RxRelay (~> 5.1)
    - RxSwift (~> 5.1)
  - RxAppState (1.6.0):
    - RxCocoa (~> 5.0)
    - RxSwift (~> 5.0)
  - RxCocoa (5.1.3):
    - RxRelay (~> 5)
    - RxSwift (~> 5)
  - RxDataSources (4.0.1):
    - Differentiator (~> 4.0)
    - RxCocoa (~> 5.0)
    - RxSwift (~> 5.0)
  - RxGesture (3.0.2):
    - RxCocoa (~> 5.1)
    - RxSwift (~> 5.1)
  - RxRelay (5.1.3):
    - RxSwift (~> 5)
  - RxSwift (5.1.3)
  - SDWebImage (5.9.4):
    - SDWebImage/Core (= 5.9.4)
  - SDWebImage/Core (5.9.4)
  - SnapKit (5.0.1)
  - Swinject (2.7.1)
  - SwinjectAutoregistration (2.7.0):
    - Swinject (~> 2.7)
  - WeakMapTable (1.2.0)

DEPENDENCIES:
  - Alamofire
  - R.swift (= 5.2.2)
  - ReactorKit
  - RIBs (from `https://github.com/uber/RIBs/`, tag `v0.10.1`)
  - RxAppState
  - RxCocoa (~> 5.1)
  - RxDataSources
  - RxGesture
  - RxSwift (~> 5.1)
  - SDWebImage (= 5.9.4)
  - SnapKit (= 5.0.1)
  - Swinject (= 2.7.1)
  - SwinjectAutoregistration (= 2.7.0)

SPEC REPOS:
  trunk:
    - Alamofire
    - Differentiator
    - R.swift
    - R.swift.Library
    - ReactorKit
    - RxAppState
    - RxCocoa
    - RxDataSources
    - RxGesture
    - RxRelay
    - RxSwift
    - SDWebImage
    - SnapKit
    - Swinject
    - SwinjectAutoregistration
    - WeakMapTable

EXTERNAL SOURCES:
  RIBs:
    :git: https://github.com/uber/RIBs/
    :tag: v0.10.1

CHECKOUT OPTIONS:
  RIBs:
    :git: https://github.com/uber/RIBs/
    :tag: v0.10.1

SPEC CHECKSUMS:
  Alamofire: e447a2774a40c996748296fa2c55112fdbbc42f9
  Differentiator: 886080237d9f87f322641dedbc5be257061b0602
  R.swift: 7c52cdc57a66840ffe6cbd8a823d732059d42a32
  R.swift.Library: 5ba4f1631300caf9a4d890186930da85d540769d
  ReactorKit: 12a93358c554bb3f167b16b14c40374fa9cd5acd
  RIBs: d4c4c7e7e4580f0bbe88bdc88b6c11704a738b7f
  RxAppState: b633d7370970ecb80081912ea08a7bf3eb644b4e
  RxCocoa: e2ed092d5432e4296aa818021d27de4090ac0354
  RxDataSources: efee07fa4de48477eca0a4611e6d11e2da9c1114
  RxGesture: d6bd7447ca3a596c7a9702a6a2b6a2bb5d8bae54
  RxRelay: 5a18c2eb2d68326ebaf0112f80d837ae41b92b97
  RxSwift: 915abbdfb62214aa89ccd0b194d44fb478019b27
  SDWebImage: b69257f4ab14e9b6a2ef53e910fdf914d8f757c1
  SnapKit: 97b92857e3df3a0c71833cce143274bf6ef8e5eb
  Swinject: ddf78b8486dd9b71a667b852cad919ab4484478e
  SwinjectAutoregistration: 330f5012642a8b5c89a8a4adb0c5e52df07382c0
  WeakMapTable: 05c694ce8439a7a9ebabb56187287a63c57673d6

PODFILE CHECKSUM: 45e311922eb34f5728727b986a40e80cf459e4fb

COCOAPODS: 1.11.1
